
Microsoft Visual Studio Solution File, Format Version 12.00
# Visual Studio Version 16
VisualStudioVersion = 16.0.34031.81
MinimumVisualStudioVersion = 10.0.40219.1
Project("{FAE04EC0-301F-11D3-BF4B-00C04F79EFBC}") = "PerfumePro", "PerfumePro.csproj", "{79CE24E5-6437-4B8D-AAEA-0CD401D1C7D5}"
EndProject
Global
	GlobalSection(SolutionConfigurationPlatforms) = preSolution
		Debug|Any CPU = Debug|Any CPU
		Release|Any CPU = Release|Any CPU
	EndGlobalSection
	GlobalSection(ProjectConfigurationPlatforms) = postSolution
		{79CE24E5-6437-4B8D-AAEA-0CD401D1C7D5}.Debug|Any CPU.ActiveCfg = Debug|Any CPU
		{79CE24E5-6437-4B8D-AAEA-0CD401D1C7D5}.Debug|Any CPU.Build.0 = Debug|Any CPU
		{79CE24E5-6437-4B8D-AAEA-0CD401D1C7D5}.Release|Any CPU.ActiveCfg = Release|Any CPU
		{79CE24E5-6437-4B8D-AAEA-0CD401D1C7D5}.Release|Any CPU.Build.0 = Release|Any CPU
	EndGlobalSection
	GlobalSection(SolutionProperties) = preSolution
		HideSolutionNode = FALSE
	EndGlobalSection
	GlobalSection(ExtensibilityGlobals) = postSolution
		SolutionGuid = {A5D30CFC-C82E-4C59-938F-F35E9B993949}
	EndGlobalSection
EndGlobal
